
Microsoft Visual Studio Solution File, Format Version 12.00
# Visual Studio Version 16
VisualStudioVersion = 16.0.31229.75
MinimumVisualStudioVersion = 10.0.40219.1
Project("{9A19103F-16F7-4668-BE54-9A1E7A4F7556}") = "BlogsData", "BlogsData\BlogsData.csproj", "{9D3A1813-C7D1-40A6-AC31-24CBE86BB362}"
EndProject
Project("{9A19103F-16F7-4668-BE54-9A1E7A4F7556}") = "BlogDomain", "BlogDomain\BlogDomain.csproj", "{AAA8D910-4577-46A7-AEF2-E8F368C73CB0}"
EndProject
Project("{9A19103F-16F7-4668-BE54-9A1E7A4F7556}") = "BlogsService", "BlogsService\BlogsService.csproj", "{F57807FF-556B-4387-9650-A172018D6F4E}"
EndProject
Project("{FAE04EC0-301F-11D3-BF4B-00C04F79EFBC}") = "BlogApi", "BlogApi\BlogApi.csproj", "{A4D9E210-283E-4D79-9A4D-772ED088CC7B}"
EndProject
Global
	GlobalSection(SolutionConfigurationPlatforms) = preSolution
		Debug|Any CPU = Debug|Any CPU
		Release|Any CPU = Release|Any CPU
	EndGlobalSection
	GlobalSection(ProjectConfigurationPlatforms) = postSolution
		{9D3A1813-C7D1-40A6-AC31-24CBE86BB362}.Debug|Any CPU.ActiveCfg = Debug|Any CPU
		{9D3A1813-C7D1-40A6-AC31-24CBE86BB362}.Debug|Any CPU.Build.0 = Debug|Any CPU
		{9D3A1813-C7D1-40A6-AC31-24CBE86BB362}.Release|Any CPU.ActiveCfg = Release|Any CPU
		{9D3A1813-C7D1-40A6-AC31-24CBE86BB362}.Release|Any CPU.Build.0 = Release|Any CPU
		{AAA8D910-4577-46A7-AEF2-E8F368C73CB0}.Debug|Any CPU.ActiveCfg = Debug|Any CPU
		{AAA8D910-4577-46A7-AEF2-E8F368C73CB0}.Debug|Any CPU.Build.0 = Debug|Any CPU
		{AAA8D910-4577-46A7-AEF2-E8F368C73CB0}.Release|Any CPU.ActiveCfg = Release|Any CPU
		{AAA8D910-4577-46A7-AEF2-E8F368C73CB0}.Release|Any CPU.Build.0 = Release|Any CPU
		{F57807FF-556B-4387-9650-A172018D6F4E}.Debug|Any CPU.ActiveCfg = Debug|Any CPU
		{F57807FF-556B-4387-9650-A172018D6F4E}.Debug|Any CPU.Build.0 = Debug|Any CPU
		{F57807FF-556B-4387-9650-A172018D6F4E}.Release|Any CPU.ActiveCfg = Release|Any CPU
		{F57807FF-556B-4387-9650-A172018D6F4E}.Release|Any CPU.Build.0 = Release|Any CPU
		{A4D9E210-283E-4D79-9A4D-772ED088CC7B}.Debug|Any CPU.ActiveCfg = Debug|Any CPU
		{A4D9E210-283E-4D79-9A4D-772ED088CC7B}.Debug|Any CPU.Build.0 = Debug|Any CPU
		{A4D9E210-283E-4D79-9A4D-772ED088CC7B}.Release|Any CPU.ActiveCfg = Release|Any CPU
		{A4D9E210-283E-4D79-9A4D-772ED088CC7B}.Release|Any CPU.Build.0 = Release|Any CPU
	EndGlobalSection
	GlobalSection(SolutionProperties) = preSolution
		HideSolutionNode = FALSE
	EndGlobalSection
	GlobalSection(ExtensibilityGlobals) = postSolution
		SolutionGuid = {F06EFEFF-2FCE-44A9-AEEB-D490512CADDC}
	EndGlobalSection
EndGlobal
